{
  "name": "trading-indicator",
  "version": "1.0.0",
  "lockfileVersion": 1,
  "requires": true,
  "dependencies": {
    "@types/node": {
      "version": "6.14.9",
      "resolved": "https://registry.npmjs.org/@types/node/-/node-6.14.9.tgz",
      "integrity": "sha512-leP/gxHunuazPdZaCvsCefPQxinqUDsCxCR5xaDUrY2MkYxQRFZZwU5e7GojyYsGB7QVtCi7iVEl/hoFXQYc+w=="
    },
    "ccxt": {
      "version": "1.22.7",
      "resolved": "https://registry.npmjs.org/ccxt/-/ccxt-1.22.7.tgz",
      "integrity": "sha512-lkmgr4t/mXK45RrDc+Z2l3nazQTYCR2Udoooo2Mbe93a4mNyBS1EMrTrXULiN/A+BNOQht+ykeWA191pOcm7/Q=="
    },
    "technicalindicators": {
      "version": "3.0.0",
      "resolved": "https://registry.npmjs.org/technicalindicators/-/technicalindicators-3.0.0.tgz",
      "integrity": "sha512-SfRG4sc964nladilTg/rhxi1BeEBaj4KMlxH3lnVm8t7bMgzId/dTePGYuxBe49kE545C66w+/DloPJC9omeew==",
      "requires": {
        "@types/node": "^6.0.96"
      }
    }
  }
}
