{
  "name": "trading-indicator",
  "version": "1.0.0",
  "lockfileVersion": 1,
  "requires": true,
  "dependencies": {
    "ccxt": {
      "version": "1.22.7",
      "resolved": "https://registry.npmjs.org/ccxt/-/ccxt-1.22.7.tgz",
      "integrity": "sha512-lkmgr4t/mXK45RrDc+Z2l3nazQTYCR2Udoooo2Mbe93a4mNyBS1EMrTrXULiN/A+BNOQht+ykeWA191pOcm7/Q=="
    }
  }
}
