# THIS IS AN AUTOGENERATED FILE. DO NOT EDIT THIS FILE DIRECTLY.
# yarn lockfile v1


"@types/node@^6.0.96":
  version "6.14.13"
  resolved "https://registry.yarnpkg.com/@types/node/-/node-6.14.13.tgz#b6649578fc0b5dac88c4ef48a46cab33c50a6c72"
  integrity sha512-J1F0XJ/9zxlZel5ZlbeSuHW2OpabrUAqpFuC2sm2I3by8sERQ8+KCjNKUcq8QHuzpGMWiJpo9ZxeHrqrP2KzQw==

ccxt@^1.22.7:
  version "1.72.41"
  resolved "https://registry.yarnpkg.com/ccxt/-/ccxt-1.72.41.tgz#059df27927384aaa30f9eef97c855d449bec8438"
  integrity sha512-MVc3veAbwlgQwRhdXbiwzi8PHSmombWT5F076usGA/1vHrohSB4yt+j5iCFoeiflm+5M1ifGsVDUoGtU1W/onw==

technicalindicators@^3.0.0:
  version "3.1.0"
  resolved "https://registry.yarnpkg.com/technicalindicators/-/technicalindicators-3.1.0.tgz#a275d36c6d478dda55e002deddcb42aa5cc33f4e"
  integrity sha512-f16mOc+Y05hNy/of+UbGxhxQQmxUztCiluhsqC5QLUYz4WowUgKde9m6nIjK1Kay0wGHigT0IkOabpp0+22UfA==
  dependencies:
    "@types/node" "^6.0.96"
